
Microsoft Visual Studio Solution File, Format Version 12.00
# Visual Studio Version 17
VisualStudioVersion = 17.4.33205.214
MinimumVisualStudioVersion = 10.0.40219.1
Project("{FAE04EC0-301F-11D3-BF4B-00C04F79EFBC}") = "RenameFileName", "RenameFileName.csproj", "{3A543E52-3ADE-4886-88C9-757392120C38}"
EndProject
Global
	GlobalSection(SolutionConfigurationPlatforms) = preSolution
		Debug|Any CPU = Debug|Any CPU
		Release|Any CPU = Release|Any CPU
	EndGlobalSection
	GlobalSection(ProjectConfigurationPlatforms) = postSolution
		{3A543E52-3ADE-4886-88C9-757392120C38}.Debug|Any CPU.ActiveCfg = Debug|Any CPU
		{3A543E52-3ADE-4886-88C9-757392120C38}.Debug|Any CPU.Build.0 = Debug|Any CPU
		{3A543E52-3ADE-4886-88C9-757392120C38}.Release|Any CPU.ActiveCfg = Release|Any CPU
		{3A543E52-3ADE-4886-88C9-757392120C38}.Release|Any CPU.Build.0 = Release|Any CPU
	EndGlobalSection
	GlobalSection(SolutionProperties) = preSolution
		HideSolutionNode = FALSE
	EndGlobalSection
	GlobalSection(ExtensibilityGlobals) = postSolution
		SolutionGuid = {5E8AE340-C4B9-4090-87B6-DC661A9178C9}
	EndGlobalSection
EndGlobal
