
Microsoft Visual Studio Solution File, Format Version 12.00
# Visual Studio Version 16
VisualStudioVersion = 16.0.31911.196
MinimumVisualStudioVersion = 10.0.40219.1
Project("{FAE04EC0-301F-11D3-BF4B-00C04F79EFBC}") = "YT_ATP", "YT_ATP\YT_ATP.csproj", "{77D3E3E5-586C-45FE-9688-5EC21AD15514}"
EndProject
Global
	GlobalSection(SolutionConfigurationPlatforms) = preSolution
		Debug|Any CPU = Debug|Any CPU
		Release|Any CPU = Release|Any CPU
	EndGlobalSection
	GlobalSection(ProjectConfigurationPlatforms) = postSolution
		{77D3E3E5-586C-45FE-9688-5EC21AD15514}.Debug|Any CPU.ActiveCfg = Debug|Any CPU
		{77D3E3E5-586C-45FE-9688-5EC21AD15514}.Debug|Any CPU.Build.0 = Debug|Any CPU
		{77D3E3E5-586C-45FE-9688-5EC21AD15514}.Release|Any CPU.ActiveCfg = Release|Any CPU
		{77D3E3E5-586C-45FE-9688-5EC21AD15514}.Release|Any CPU.Build.0 = Release|Any CPU
	EndGlobalSection
	GlobalSection(SolutionProperties) = preSolution
		HideSolutionNode = FALSE
	EndGlobalSection
	GlobalSection(ExtensibilityGlobals) = postSolution
		SolutionGuid = {CDA90491-7B79-41CE-AA8E-295FF8D05CB5}
	EndGlobalSection
EndGlobal
